// !$*UTF8*$!
{
	archiveVersion = 1;
	classes = {
	};
	objectVersion = 50;
	objects = {

/* Begin PBXBuildFile section */
		199B837E72BBC7F1E2A87833 /* Pods_cup_of_teaTests.framework in Frameworks */ = {isa = PBXBuildFile; fileRef = B7436C4F47152E5172860CE4 /* Pods_cup_of_teaTests.framework */; };
		2300006B21B37DF400E1957B /* UserProfile.swift in Sources */ = {isa = PBXBuildFile; fileRef = 2300006A21B37DF400E1957B /* UserProfile.swift */; };
		2300006D21B3824A00E1957B /* NameViewController.swift in Sources */ = {isa = PBXBuildFile; fileRef = 2300006C21B3824A00E1957B /* NameViewController.swift */; };
		2300007121B38ED600E1957B /* ProfilePictureViewController.swift in Sources */ = {isa = PBXBuildFile; fileRef = 2300007021B38ED600E1957B /* ProfilePictureViewController.swift */; };
		2310710421B3C070003B2E90 /* PersonTableViewCell.swift in Sources */ = {isa = PBXBuildFile; fileRef = 2310710321B3C070003B2E90 /* PersonTableViewCell.swift */; };
		232890E321BC7D230057275C /* MyProfileViewController.swift in Sources */ = {isa = PBXBuildFile; fileRef = 232890E221BC7D230057275C /* MyProfileViewController.swift */; };
		2350D3BF21B9012800C911D2 /* Settings.bundle in Resources */ = {isa = PBXBuildFile; fileRef = 2350D3BE21B9012800C911D2 /* Settings.bundle */; };
		23919F0A21BCB38200C9DA06 /* SetUpNavigationController.swift in Sources */ = {isa = PBXBuildFile; fileRef = 23919F0921BCB38200C9DA06 /* SetUpNavigationController.swift */; };
		239C783021AFB4A30033A51B /* AppDelegate.swift in Sources */ = {isa = PBXBuildFile; fileRef = 239C782F21AFB4A30033A51B /* AppDelegate.swift */; };
		239C783221AFB4A30033A51B /* MasterViewController.swift in Sources */ = {isa = PBXBuildFile; fileRef = 239C783121AFB4A30033A51B /* MasterViewController.swift */; };
		239C783421AFB4A30033A51B /* DetailViewController.swift in Sources */ = {isa = PBXBuildFile; fileRef = 239C783321AFB4A30033A51B /* DetailViewController.swift */; };
		239C783721AFB4A30033A51B /* Main.storyboard in Resources */ = {isa = PBXBuildFile; fileRef = 239C783521AFB4A30033A51B /* Main.storyboard */; };
		239C783921AFB4A40033A51B /* Assets.xcassets in Resources */ = {isa = PBXBuildFile; fileRef = 239C783821AFB4A40033A51B /* Assets.xcassets */; };
		239C783C21AFB4A40033A51B /* LaunchScreen.storyboard in Resources */ = {isa = PBXBuildFile; fileRef = 239C783A21AFB4A40033A51B /* LaunchScreen.storyboard */; };
		239C784721AFB4A40033A51B /* cup_of_teaTests.swift in Sources */ = {isa = PBXBuildFile; fileRef = 239C784621AFB4A40033A51B /* cup_of_teaTests.swift */; };
		239C785221AFB4A40033A51B /* cup_of_teaUITests.swift in Sources */ = {isa = PBXBuildFile; fileRef = 239C785121AFB4A40033A51B /* cup_of_teaUITests.swift */; };
		239C786021AFBCF40033A51B /* SetUpViewController.swift in Sources */ = {isa = PBXBuildFile; fileRef = 239C785F21AFBCF40033A51B /* SetUpViewController.swift */; };
		239C786221AFC3A20033A51B /* GoogleService-Info.plist in Resources */ = {isa = PBXBuildFile; fileRef = 239C786121AFC3A20033A51B /* GoogleService-Info.plist */; };
		29155CDC21B8BFA900F86406 /* InterestsViewController.swift in Sources */ = {isa = PBXBuildFile; fileRef = 29155CDB21B8BFA900F86406 /* InterestsViewController.swift */; };
		29259A3F21B20CA600BAA166 /* GetStartedViewController.swift in Sources */ = {isa = PBXBuildFile; fileRef = 29259A3E21B20CA600BAA166 /* GetStartedViewController.swift */; };
		29259A4121B24AA700BAA166 /* OrientationViewController.swift in Sources */ = {isa = PBXBuildFile; fileRef = 29259A4021B24AA700BAA166 /* OrientationViewController.swift */; };
		66099FB4C876B6BEC31F90DB /* Pods_cup_of_teaUITests.framework in Frameworks */ = {isa = PBXBuildFile; fileRef = E29438E79D57DD55A891F57C /* Pods_cup_of_teaUITests.framework */; };
		D135FE1545C2F1D5B16DE369 /* Pods_cup_of_tea.framework in Frameworks */ = {isa = PBXBuildFile; fileRef = B6295FD781F779DEFF6883A3 /* Pods_cup_of_tea.framework */; };
/* End PBXBuildFile section */

/* Begin PBXContainerItemProxy section */
		239C784321AFB4A40033A51B /* PBXContainerItemProxy */ = {
			isa = PBXContainerItemProxy;
			containerPortal = 239C782421AFB4A30033A51B /* Project object */;
			proxyType = 1;
			remoteGlobalIDString = 239C782B21AFB4A30033A51B;
			remoteInfo = cup_of_tea;
		};
		239C784E21AFB4A40033A51B /* PBXContainerItemProxy */ = {
			isa = PBXContainerItemProxy;
			containerPortal = 239C782421AFB4A30033A51B /* Project object */;
			proxyType = 1;
			remoteGlobalIDString = 239C782B21AFB4A30033A51B;
			remoteInfo = cup_of_tea;
		};
/* End PBXContainerItemProxy section */

/* Begin PBXFileReference section */
		19D19233EFD2AAD31D463576 /* Pods-cup_of_tea.debug.xcconfig */ = {isa = PBXFileReference; includeInIndex = 1; lastKnownFileType = text.xcconfig; name = "Pods-cup_of_tea.debug.xcconfig"; path = "Pods/Target Support Files/Pods-cup_of_tea/Pods-cup_of_tea.debug.xcconfig"; sourceTree = "<group>"; };
		2300006A21B37DF400E1957B /* UserProfile.swift */ = {isa = PBXFileReference; lastKnownFileType = sourcecode.swift; path = UserProfile.swift; sourceTree = "<group>"; };
		2300006C21B3824A00E1957B /* NameViewController.swift */ = {isa = PBXFileReference; lastKnownFileType = sourcecode.swift; path = NameViewController.swift; sourceTree = "<group>"; };
		2300007021B38ED600E1957B /* ProfilePictureViewController.swift */ = {isa = PBXFileReference; lastKnownFileType = sourcecode.swift; path = ProfilePictureViewController.swift; sourceTree = "<group>"; };
		2310710321B3C070003B2E90 /* PersonTableViewCell.swift */ = {isa = PBXFileReference; lastKnownFileType = sourcecode.swift; path = PersonTableViewCell.swift; sourceTree = "<group>"; };
		232890E221BC7D230057275C /* MyProfileViewController.swift */ = {isa = PBXFileReference; lastKnownFileType = sourcecode.swift; path = MyProfileViewController.swift; sourceTree = "<group>"; };
		2350D3BE21B9012800C911D2 /* Settings.bundle */ = {isa = PBXFileReference; lastKnownFileType = "wrapper.plug-in"; path = Settings.bundle; sourceTree = "<group>"; };
		23919F0921BCB38200C9DA06 /* SetUpNavigationController.swift */ = {isa = PBXFileReference; lastKnownFileType = sourcecode.swift; path = SetUpNavigationController.swift; sourceTree = "<group>"; };
		239C782C21AFB4A30033A51B /* cup_of_tea.app */ = {isa = PBXFileReference; explicitFileType = wrapper.application; includeInIndex = 0; path = cup_of_tea.app; sourceTree = BUILT_PRODUCTS_DIR; };
		239C782F21AFB4A30033A51B /* AppDelegate.swift */ = {isa = PBXFileReference; lastKnownFileType = sourcecode.swift; path = AppDelegate.swift; sourceTree = "<group>"; };
		239C783121AFB4A30033A51B /* MasterViewController.swift */ = {isa = PBXFileReference; lastKnownFileType = sourcecode.swift; path = MasterViewController.swift; sourceTree = "<group>"; };
		239C783321AFB4A30033A51B /* DetailViewController.swift */ = {isa = PBXFileReference; lastKnownFileType = sourcecode.swift; path = DetailViewController.swift; sourceTree = "<group>"; };
		239C783621AFB4A30033A51B /* Base */ = {isa = PBXFileReference; lastKnownFileType = file.storyboard; name = Base; path = Base.lproj/Main.storyboard; sourceTree = "<group>"; };
		239C783821AFB4A40033A51B /* Assets.xcassets */ = {isa = PBXFileReference; lastKnownFileType = folder.assetcatalog; path = Assets.xcassets; sourceTree = "<group>"; };
		239C783B21AFB4A40033A51B /* Base */ = {isa = PBXFileReference; lastKnownFileType = file.storyboard; name = Base; path = Base.lproj/LaunchScreen.storyboard; sourceTree = "<group>"; };
		239C783D21AFB4A40033A51B /* Info.plist */ = {isa = PBXFileReference; lastKnownFileType = text.plist.xml; path = Info.plist; sourceTree = "<group>"; };
		239C784221AFB4A40033A51B /* cup_of_teaTests.xctest */ = {isa = PBXFileReference; explicitFileType = wrapper.cfbundle; includeInIndex = 0; path = cup_of_teaTests.xctest; sourceTree = BUILT_PRODUCTS_DIR; };
		239C784621AFB4A40033A51B /* cup_of_teaTests.swift */ = {isa = PBXFileReference; lastKnownFileType = sourcecode.swift; path = cup_of_teaTests.swift; sourceTree = "<group>"; };
		239C784821AFB4A40033A51B /* Info.plist */ = {isa = PBXFileReference; lastKnownFileType = text.plist.xml; path = Info.plist; sourceTree = "<group>"; };
		239C784D21AFB4A40033A51B /* cup_of_teaUITests.xctest */ = {isa = PBXFileReference; explicitFileType = wrapper.cfbundle; includeInIndex = 0; path = cup_of_teaUITests.xctest; sourceTree = BUILT_PRODUCTS_DIR; };
		239C785121AFB4A40033A51B /* cup_of_teaUITests.swift */ = {isa = PBXFileReference; lastKnownFileType = sourcecode.swift; path = cup_of_teaUITests.swift; sourceTree = "<group>"; };
		239C785321AFB4A40033A51B /* Info.plist */ = {isa = PBXFileReference; lastKnownFileType = text.plist.xml; path = Info.plist; sourceTree = "<group>"; };
		239C785F21AFBCF40033A51B /* SetUpViewController.swift */ = {isa = PBXFileReference; lastKnownFileType = sourcecode.swift; path = SetUpViewController.swift; sourceTree = "<group>"; };
		239C786121AFC3A20033A51B /* GoogleService-Info.plist */ = {isa = PBXFileReference; fileEncoding = 4; lastKnownFileType = text.plist.xml; path = "GoogleService-Info.plist"; sourceTree = "<group>"; };
		29155CDB21B8BFA900F86406 /* InterestsViewController.swift */ = {isa = PBXFileReference; lastKnownFileType = sourcecode.swift; path = InterestsViewController.swift; sourceTree = "<group>"; };
		29259A3E21B20CA600BAA166 /* GetStartedViewController.swift */ = {isa = PBXFileReference; lastKnownFileType = sourcecode.swift; path = GetStartedViewController.swift; sourceTree = "<group>"; };
		29259A4021B24AA700BAA166 /* OrientationViewController.swift */ = {isa = PBXFileReference; lastKnownFileType = sourcecode.swift; path = OrientationViewController.swift; sourceTree = "<group>"; };
		2DA541B4EDDD90395896C456 /* Pods-cup_of_teaUITests.debug.xcconfig */ = {isa = PBXFileReference; includeInIndex = 1; lastKnownFileType = text.xcconfig; name = "Pods-cup_of_teaUITests.debug.xcconfig"; path = "Pods/Target Support Files/Pods-cup_of_teaUITests/Pods-cup_of_teaUITests.debug.xcconfig"; sourceTree = "<group>"; };
		59425F9C3D52C3609BD16287 /* Pods-cup_of_teaTests.release.xcconfig */ = {isa = PBXFileReference; includeInIndex = 1; lastKnownFileType = text.xcconfig; name = "Pods-cup_of_teaTests.release.xcconfig"; path = "Pods/Target Support Files/Pods-cup_of_teaTests/Pods-cup_of_teaTests.release.xcconfig"; sourceTree = "<group>"; };
		992A68EB9CE069DC8AEEC573 /* Pods-cup_of_teaUITests.release.xcconfig */ = {isa = PBXFileReference; includeInIndex = 1; lastKnownFileType = text.xcconfig; name = "Pods-cup_of_teaUITests.release.xcconfig"; path = "Pods/Target Support Files/Pods-cup_of_teaUITests/Pods-cup_of_teaUITests.release.xcconfig"; sourceTree = "<group>"; };
		9E37302B6C0DECF53EF07270 /* Pods-cup_of_tea.release.xcconfig */ = {isa = PBXFileReference; includeInIndex = 1; lastKnownFileType = text.xcconfig; name = "Pods-cup_of_tea.release.xcconfig"; path = "Pods/Target Support Files/Pods-cup_of_tea/Pods-cup_of_tea.release.xcconfig"; sourceTree = "<group>"; };
		B4777A36C35B82F981B17F3D /* Pods-cup_of_teaTests.debug.xcconfig */ = {isa = PBXFileReference; includeInIndex = 1; lastKnownFileType = text.xcconfig; name = "Pods-cup_of_teaTests.debug.xcconfig"; path = "Pods/Target Support Files/Pods-cup_of_teaTests/Pods-cup_of_teaTests.debug.xcconfig"; sourceTree = "<group>"; };
		B6295FD781F779DEFF6883A3 /* Pods_cup_of_tea.framework */ = {isa = PBXFileReference; explicitFileType = wrapper.framework; includeInIndex = 0; path = Pods_cup_of_tea.framework; sourceTree = BUILT_PRODUCTS_DIR; };
		B7436C4F47152E5172860CE4 /* Pods_cup_of_teaTests.framework */ = {isa = PBXFileReference; explicitFileType = wrapper.framework; includeInIndex = 0; path = Pods_cup_of_teaTests.framework; sourceTree = BUILT_PRODUCTS_DIR; };
		E29438E79D57DD55A891F57C /* Pods_cup_of_teaUITests.framework */ = {isa = PBXFileReference; explicitFileType = wrapper.framework; includeInIndex = 0; path = Pods_cup_of_teaUITests.framework; sourceTree = BUILT_PRODUCTS_DIR; };
/* End PBXFileReference section */

/* Begin PBXFrameworksBuildPhase section */
		239C782921AFB4A30033A51B /* Frameworks */ = {
			isa = PBXFrameworksBuildPhase;
			buildActionMask = 2147483647;
			files = (
				D135FE1545C2F1D5B16DE369 /* Pods_cup_of_tea.framework in Frameworks */,
			);
			runOnlyForDeploymentPostprocessing = 0;
		};
		239C783F21AFB4A40033A51B /* Frameworks */ = {
			isa = PBXFrameworksBuildPhase;
			buildActionMask = 2147483647;
			files = (
				199B837E72BBC7F1E2A87833 /* Pods_cup_of_teaTests.framework in Frameworks */,
			);
			runOnlyForDeploymentPostprocessing = 0;
		};
		239C784A21AFB4A40033A51B /* Frameworks */ = {
			isa = PBXFrameworksBuildPhase;
			buildActionMask = 2147483647;
			files = (
				66099FB4C876B6BEC31F90DB /* Pods_cup_of_teaUITests.framework in Frameworks */,
			);
			runOnlyForDeploymentPostprocessing = 0;
		};
/* End PBXFrameworksBuildPhase section */

/* Begin PBXGroup section */
		0A36760E90AA5BE31EEBF968 /* Pods */ = {
			isa = PBXGroup;
			children = (
				19D19233EFD2AAD31D463576 /* Pods-cup_of_tea.debug.xcconfig */,
				9E37302B6C0DECF53EF07270 /* Pods-cup_of_tea.release.xcconfig */,
				B4777A36C35B82F981B17F3D /* Pods-cup_of_teaTests.debug.xcconfig */,
				59425F9C3D52C3609BD16287 /* Pods-cup_of_teaTests.release.xcconfig */,
				2DA541B4EDDD90395896C456 /* Pods-cup_of_teaUITests.debug.xcconfig */,
				992A68EB9CE069DC8AEEC573 /* Pods-cup_of_teaUITests.release.xcconfig */,
			);
			name = Pods;
			sourceTree = "<group>";
		};
		239C782321AFB4A30033A51B = {
			isa = PBXGroup;
			children = (
				239C782E21AFB4A30033A51B /* cup_of_tea */,
				239C784521AFB4A40033A51B /* cup_of_teaTests */,
				239C785021AFB4A40033A51B /* cup_of_teaUITests */,
				239C782D21AFB4A30033A51B /* Products */,
				0A36760E90AA5BE31EEBF968 /* Pods */,
				24EF35617CE4D938D5298B19 /* Frameworks */,
			);
			sourceTree = "<group>";
		};
		239C782D21AFB4A30033A51B /* Products */ = {
			isa = PBXGroup;
			children = (
				239C782C21AFB4A30033A51B /* cup_of_tea.app */,
				239C784221AFB4A40033A51B /* cup_of_teaTests.xctest */,
				239C784D21AFB4A40033A51B /* cup_of_teaUITests.xctest */,
			);
			name = Products;
			sourceTree = "<group>";
		};
		239C782E21AFB4A30033A51B /* cup_of_tea */ = {
			isa = PBXGroup;
			children = (
				239C786121AFC3A20033A51B /* GoogleService-Info.plist */,
				239C782F21AFB4A30033A51B /* AppDelegate.swift */,
				239C783121AFB4A30033A51B /* MasterViewController.swift */,
				239C783321AFB4A30033A51B /* DetailViewController.swift */,
				239C783521AFB4A30033A51B /* Main.storyboard */,
				29259A4021B24AA700BAA166 /* OrientationViewController.swift */,
				239C783821AFB4A40033A51B /* Assets.xcassets */,
				239C783A21AFB4A40033A51B /* LaunchScreen.storyboard */,
				239C783D21AFB4A40033A51B /* Info.plist */,
				239C785F21AFBCF40033A51B /* SetUpViewController.swift */,
				29259A3E21B20CA600BAA166 /* GetStartedViewController.swift */,
				2300006A21B37DF400E1957B /* UserProfile.swift */,
				2300006C21B3824A00E1957B /* NameViewController.swift */,
				2300007021B38ED600E1957B /* ProfilePictureViewController.swift */,
				2310710321B3C070003B2E90 /* PersonTableViewCell.swift */,
				29155CDB21B8BFA900F86406 /* InterestsViewController.swift */,
				2350D3BE21B9012800C911D2 /* Settings.bundle */,
				232890E221BC7D230057275C /* MyProfileViewController.swift */,
				23919F0921BCB38200C9DA06 /* SetUpNavigationController.swift */,
			);
			path = cup_of_tea;
			sourceTree = "<group>";
		};
		239C784521AFB4A40033A51B /* cup_of_teaTests */ = {
			isa = PBXGroup;
			children = (
				239C784621AFB4A40033A51B /* cup_of_teaTests.swift */,
				239C784821AFB4A40033A51B /* Info.plist */,
			);
			path = cup_of_teaTests;
			sourceTree = "<group>";
		};
		239C785021AFB4A40033A51B /* cup_of_teaUITests */ = {
			isa = PBXGroup;
			children = (
				239C785121AFB4A40033A51B /* cup_of_teaUITests.swift */,
				239C785321AFB4A40033A51B /* Info.plist */,
			);
			path = cup_of_teaUITests;
			sourceTree = "<group>";
		};
		24EF35617CE4D938D5298B19 /* Frameworks */ = {
			isa = PBXGroup;
			children = (
				B6295FD781F779DEFF6883A3 /* Pods_cup_of_tea.framework */,
				B7436C4F47152E5172860CE4 /* Pods_cup_of_teaTests.framework */,
				E29438E79D57DD55A891F57C /* Pods_cup_of_teaUITests.framework */,
			);
			name = Frameworks;
			sourceTree = "<group>";
		};
/* End PBXGroup section */

/* Begin PBXNativeTarget section */
		239C782B21AFB4A30033A51B /* cup_of_tea */ = {
			isa = PBXNativeTarget;
			buildConfigurationList = 239C785621AFB4A40033A51B /* Build configuration list for PBXNativeTarget "cup_of_tea" */;
			buildPhases = (
				F27BDBF6771C77E59A2F8915 /* [CP] Check Pods Manifest.lock */,
				239C782821AFB4A30033A51B /* Sources */,
				239C782921AFB4A30033A51B /* Frameworks */,
				239C782A21AFB4A30033A51B /* Resources */,
				2231F5AE7CF5CEDBDD87260B /* [CP] Embed Pods Frameworks */,
				AC0B1BEE79DF901604C6E068 /* [CP] Copy Pods Resources */,
			);
			buildRules = (
			);
			dependencies = (
			);
			name = cup_of_tea;
			productName = cup_of_tea;
			productReference = 239C782C21AFB4A30033A51B /* cup_of_tea.app */;
			productType = "com.apple.product-type.application";
		};
		239C784121AFB4A40033A51B /* cup_of_teaTests */ = {
			isa = PBXNativeTarget;
			buildConfigurationList = 239C785921AFB4A40033A51B /* Build configuration list for PBXNativeTarget "cup_of_teaTests" */;
			buildPhases = (
				20C93EFC00E7B071CB48F1B8 /* [CP] Check Pods Manifest.lock */,
				239C783E21AFB4A40033A51B /* Sources */,
				239C783F21AFB4A40033A51B /* Frameworks */,
				239C784021AFB4A40033A51B /* Resources */,
			);
			buildRules = (
			);
			dependencies = (
				239C784421AFB4A40033A51B /* PBXTargetDependency */,
			);
			name = cup_of_teaTests;
			productName = cup_of_teaTests;
			productReference = 239C784221AFB4A40033A51B /* cup_of_teaTests.xctest */;
			productType = "com.apple.product-type.bundle.unit-test";
		};
		239C784C21AFB4A40033A51B /* cup_of_teaUITests */ = {
			isa = PBXNativeTarget;
			buildConfigurationList = 239C785C21AFB4A40033A51B /* Build configuration list for PBXNativeTarget "cup_of_teaUITests" */;
			buildPhases = (
				D409DAC07A335C41E51448F9 /* [CP] Check Pods Manifest.lock */,
				239C784921AFB4A40033A51B /* Sources */,
				239C784A21AFB4A40033A51B /* Frameworks */,
				239C784B21AFB4A40033A51B /* Resources */,
			);
			buildRules = (
			);
			dependencies = (
				239C784F21AFB4A40033A51B /* PBXTargetDependency */,
			);
			name = cup_of_teaUITests;
			productName = cup_of_teaUITests;
			productReference = 239C784D21AFB4A40033A51B /* cup_of_teaUITests.xctest */;
			productType = "com.apple.product-type.bundle.ui-testing";
		};
/* End PBXNativeTarget section */

/* Begin PBXProject section */
		239C782421AFB4A30033A51B /* Project object */ = {
			isa = PBXProject;
			attributes = {
				LastSwiftUpdateCheck = 1000;
				LastUpgradeCheck = 1000;
				ORGANIZATIONNAME = "Jake Jin";
				TargetAttributes = {
					239C782B21AFB4A30033A51B = {
						CreatedOnToolsVersion = 10.0;
					};
					239C784121AFB4A40033A51B = {
						CreatedOnToolsVersion = 10.0;
						TestTargetID = 239C782B21AFB4A30033A51B;
					};
					239C784C21AFB4A40033A51B = {
						CreatedOnToolsVersion = 10.0;
						TestTargetID = 239C782B21AFB4A30033A51B;
					};
				};
			};
			buildConfigurationList = 239C782721AFB4A30033A51B /* Build configuration list for PBXProject "cup_of_tea" */;
			compatibilityVersion = "Xcode 9.3";
			developmentRegion = en;
			hasScannedForEncodings = 0;
			knownRegions = (
				en,
				Base,
			);
			mainGroup = 239C782321AFB4A30033A51B;
			productRefGroup = 239C782D21AFB4A30033A51B /* Products */;
			projectDirPath = "";
			projectRoot = "";
			targets = (
				239C782B21AFB4A30033A51B /* cup_of_tea */,
				239C784121AFB4A40033A51B /* cup_of_teaTests */,
				239C784C21AFB4A40033A51B /* cup_of_teaUITests */,
			);
		};
/* End PBXProject section */

/* Begin PBXResourcesBuildPhase section */
		239C782A21AFB4A30033A51B /* Resources */ = {
			isa = PBXResourcesBuildPhase;
			buildActionMask = 2147483647;
			files = (
				239C783C21AFB4A40033A51B /* LaunchScreen.storyboard in Resources */,
				239C786221AFC3A20033A51B /* GoogleService-Info.plist in Resources */,
				2350D3BF21B9012800C911D2 /* Settings.bundle in Resources */,
				239C783921AFB4A40033A51B /* Assets.xcassets in Resources */,
				239C783721AFB4A30033A51B /* Main.storyboard in Resources */,
			);
			runOnlyForDeploymentPostprocessing = 0;
		};
		239C784021AFB4A40033A51B /* Resources */ = {
			isa = PBXResourcesBuildPhase;
			buildActionMask = 2147483647;
			files = (
			);
			runOnlyForDeploymentPostprocessing = 0;
		};
		239C784B21AFB4A40033A51B /* Resources */ = {
			isa = PBXResourcesBuildPhase;
			buildActionMask = 2147483647;
			files = (
			);
			runOnlyForDeploymentPostprocessing = 0;
		};
/* End PBXResourcesBuildPhase section */

/* Begin PBXShellScriptBuildPhase section */
		20C93EFC00E7B071CB48F1B8 /* [CP] Check Pods Manifest.lock */ = {
			isa = PBXShellScriptBuildPhase;
			buildActionMask = 2147483647;
			files = (
			);
			inputFileListPaths = (
			);
			inputPaths = (
				"${PODS_PODFILE_DIR_PATH}/Podfile.lock",
				"${PODS_ROOT}/Manifest.lock",
			);
			name = "[CP] Check Pods Manifest.lock";
			outputFileListPaths = (
			);
			outputPaths = (
				"$(DERIVED_FILE_DIR)/Pods-cup_of_teaTests-checkManifestLockResult.txt",
			);
			runOnlyForDeploymentPostprocessing = 0;
			shellPath = /bin/sh;
			shellScript = "diff \"${PODS_PODFILE_DIR_PATH}/Podfile.lock\" \"${PODS_ROOT}/Manifest.lock\" > /dev/null\nif [ $? != 0 ] ; then\n    # print error to STDERR\n    echo \"error: The sandbox is not in sync with the Podfile.lock. Run 'pod install' or update your CocoaPods installation.\" >&2\n    exit 1\nfi\n# This output is used by Xcode 'outputs' to avoid re-running this script phase.\necho \"SUCCESS\" > \"${SCRIPT_OUTPUT_FILE_0}\"\n";
			showEnvVarsInLog = 0;
		};
		2231F5AE7CF5CEDBDD87260B /* [CP] Embed Pods Frameworks */ = {
			isa = PBXShellScriptBuildPhase;
			buildActionMask = 2147483647;
			files = (
			);
			inputFileListPaths = (
			);
			inputPaths = (
				"${SRCROOT}/Pods/Target Support Files/Pods-cup_of_tea/Pods-cup_of_tea-frameworks.sh",
				"${BUILT_PRODUCTS_DIR}/BoringSSL/openssl.framework",
				"${BUILT_PRODUCTS_DIR}/GTMSessionFetcher/GTMSessionFetcher.framework",
				"${BUILT_PRODUCTS_DIR}/GoogleUtilities/GoogleUtilities.framework",
				"${BUILT_PRODUCTS_DIR}/Protobuf/Protobuf.framework",
				"${BUILT_PRODUCTS_DIR}/gRPC-C++/grpcpp.framework",
				"${BUILT_PRODUCTS_DIR}/gRPC-Core/grpc.framework",
				"${BUILT_PRODUCTS_DIR}/leveldb-library/leveldb.framework",
				"${BUILT_PRODUCTS_DIR}/nanopb/nanopb.framework",
			);
			name = "[CP] Embed Pods Frameworks";
			outputFileListPaths = (
			);
			outputPaths = (
				"${TARGET_BUILD_DIR}/${FRAMEWORKS_FOLDER_PATH}/openssl.framework",
				"${TARGET_BUILD_DIR}/${FRAMEWORKS_FOLDER_PATH}/GTMSessionFetcher.framework",
				"${TARGET_BUILD_DIR}/${FRAMEWORKS_FOLDER_PATH}/GoogleUtilities.framework",
				"${TARGET_BUILD_DIR}/${FRAMEWORKS_FOLDER_PATH}/Protobuf.framework",
				"${TARGET_BUILD_DIR}/${FRAMEWORKS_FOLDER_PATH}/grpcpp.framework",
				"${TARGET_BUILD_DIR}/${FRAMEWORKS_FOLDER_PATH}/grpc.framework",
				"${TARGET_BUILD_DIR}/${FRAMEWORKS_FOLDER_PATH}/leveldb.framework",
				"${TARGET_BUILD_DIR}/${FRAMEWORKS_FOLDER_PATH}/nanopb.framework",
			);
			runOnlyForDeploymentPostprocessing = 0;
			shellPath = /bin/sh;
			shellScript = "\"${SRCROOT}/Pods/Target Support Files/Pods-cup_of_tea/Pods-cup_of_tea-frameworks.sh\"\n";
			showEnvVarsInLog = 0;
		};
		AC0B1BEE79DF901604C6E068 /* [CP] Copy Pods Resources */ = {
			isa = PBXShellScriptBuildPhase;
			buildActionMask = 2147483647;
			files = (
			);
			inputFileListPaths = (
			);
			inputPaths = (
				"${SRCROOT}/Pods/Target Support Files/Pods-cup_of_tea/Pods-cup_of_tea-resources.sh",
				"${PODS_CONFIGURATION_BUILD_DIR}/FirebaseFirestore/gRPCCertificates-Firestore.bundle",
			);
			name = "[CP] Copy Pods Resources";
			outputFileListPaths = (
			);
			outputPaths = (
				"${TARGET_BUILD_DIR}/${UNLOCALIZED_RESOURCES_FOLDER_PATH}/gRPCCertificates-Firestore.bundle",
			);
			runOnlyForDeploymentPostprocessing = 0;
			shellPath = /bin/sh;
			shellScript = "\"${SRCROOT}/Pods/Target Support Files/Pods-cup_of_tea/Pods-cup_of_tea-resources.sh\"\n";
			showEnvVarsInLog = 0;
		};
		D409DAC07A335C41E51448F9 /* [CP] Check Pods Manifest.lock */ = {
			isa = PBXShellScriptBuildPhase;
			buildActionMask = 2147483647;
			files = (
			);
			inputFileListPaths = (
			);
			inputPaths = (
				"${PODS_PODFILE_DIR_PATH}/Podfile.lock",
				"${PODS_ROOT}/Manifest.lock",
			);
			name = "[CP] Check Pods Manifest.lock";
			outputFileListPaths = (
			);
			outputPaths = (
				"$(DERIVED_FILE_DIR)/Pods-cup_of_teaUITests-checkManifestLockResult.txt",
			);
			runOnlyForDeploymentPostprocessing = 0;
			shellPath = /bin/sh;
			shellScript = "diff \"${PODS_PODFILE_DIR_PATH}/Podfile.lock\" \"${PODS_ROOT}/Manifest.lock\" > /dev/null\nif [ $? != 0 ] ; then\n    # print error to STDERR\n    echo \"error: The sandbox is not in sync with the Podfile.lock. Run 'pod install' or update your CocoaPods installation.\" >&2\n    exit 1\nfi\n# This output is used by Xcode 'outputs' to avoid re-running this script phase.\necho \"SUCCESS\" > \"${SCRIPT_OUTPUT_FILE_0}\"\n";
			showEnvVarsInLog = 0;
		};
		F27BDBF6771C77E59A2F8915 /* [CP] Check Pods Manifest.lock */ = {
			isa = PBXShellScriptBuildPhase;
			buildActionMask = 2147483647;
			files = (
			);
			inputFileListPaths = (
			);
			inputPaths = (
				"${PODS_PODFILE_DIR_PATH}/Podfile.lock",
				"${PODS_ROOT}/Manifest.lock",
			);
			name = "[CP] Check Pods Manifest.lock";
			outputFileListPaths = (
			);
			outputPaths = (
				"$(DERIVED_FILE_DIR)/Pods-cup_of_tea-checkManifestLockResult.txt",
			);
			runOnlyForDeploymentPostprocessing = 0;
			shellPath = /bin/sh;
			shellScript = "diff \"${PODS_PODFILE_DIR_PATH}/Podfile.lock\" \"${PODS_ROOT}/Manifest.lock\" > /dev/null\nif [ $? != 0 ] ; then\n    # print error to STDERR\n    echo \"error: The sandbox is not in sync with the Podfile.lock. Run 'pod install' or update your CocoaPods installation.\" >&2\n    exit 1\nfi\n# This output is used by Xcode 'outputs' to avoid re-running this script phase.\necho \"SUCCESS\" > \"${SCRIPT_OUTPUT_FILE_0}\"\n";
			showEnvVarsInLog = 0;
		};
/* End PBXShellScriptBuildPhase section */

/* Begin PBXSourcesBuildPhase section */
		239C782821AFB4A30033A51B /* Sources */ = {
			isa = PBXSourcesBuildPhase;
			buildActionMask = 2147483647;
			files = (
				239C786021AFBCF40033A51B /* SetUpViewController.swift in Sources */,
				2300007121B38ED600E1957B /* ProfilePictureViewController.swift in Sources */,
				239C783421AFB4A30033A51B /* DetailViewController.swift in Sources */,
				2300006B21B37DF400E1957B /* UserProfile.swift in Sources */,
				29155CDC21B8BFA900F86406 /* InterestsViewController.swift in Sources */,
				2310710421B3C070003B2E90 /* PersonTableViewCell.swift in Sources */,
				232890E321BC7D230057275C /* MyProfileViewController.swift in Sources */,
				23919F0A21BCB38200C9DA06 /* SetUpNavigationController.swift in Sources */,
				2300006D21B3824A00E1957B /* NameViewController.swift in Sources */,
				239C783221AFB4A30033A51B /* MasterViewController.swift in Sources */,
				29259A4121B24AA700BAA166 /* OrientationViewController.swift in Sources */,
				239C783021AFB4A30033A51B /* AppDelegate.swift in Sources */,
				29259A3F21B20CA600BAA166 /* GetStartedViewController.swift in Sources */,
			);
			runOnlyForDeploymentPostprocessing = 0;
		};
		239C783E21AFB4A40033A51B /* Sources */ = {
			isa = PBXSourcesBuildPhase;
			buildActionMask = 2147483647;
			files = (
				239C784721AFB4A40033A51B /* cup_of_teaTests.swift in Sources */,
			);
			runOnlyForDeploymentPostprocessing = 0;
		};
		239C784921AFB4A40033A51B /* Sources */ = {
			isa = PBXSourcesBuildPhase;
			buildActionMask = 2147483647;
			files = (
				239C785221AFB4A40033A51B /* cup_of_teaUITests.swift in Sources */,
			);
			runOnlyForDeploymentPostprocessing = 0;
		};
/* End PBXSourcesBuildPhase section */

/* Begin PBXTargetDependency section */
		239C784421AFB4A40033A51B /* PBXTargetDependency */ = {
			isa = PBXTargetDependency;
			target = 239C782B21AFB4A30033A51B /* cup_of_tea */;
			targetProxy = 239C784321AFB4A40033A51B /* PBXContainerItemProxy */;
		};
		239C784F21AFB4A40033A51B /* PBXTargetDependency */ = {
			isa = PBXTargetDependency;
			target = 239C782B21AFB4A30033A51B /* cup_of_tea */;
			targetProxy = 239C784E21AFB4A40033A51B /* PBXContainerItemProxy */;
		};
/* End PBXTargetDependency section */

/* Begin PBXVariantGroup section */
		239C783521AFB4A30033A51B /* Main.storyboard */ = {
			isa = PBXVariantGroup;
			children = (
				239C783621AFB4A30033A51B /* Base */,
			);
			name = Main.storyboard;
			sourceTree = "<group>";
		};
		239C783A21AFB4A40033A51B /* LaunchScreen.storyboard */ = {
			isa = PBXVariantGroup;
			children = (
				239C783B21AFB4A40033A51B /* Base */,
			);
			name = LaunchScreen.storyboard;
			sourceTree = "<group>";
		};
/* End PBXVariantGroup section */

/* Begin XCBuildConfiguration section */
		239C785421AFB4A40033A51B /* Debug */ = {
			isa = XCBuildConfiguration;
			buildSettings = {
				ALWAYS_SEARCH_USER_PATHS = NO;
				CLANG_ANALYZER_NONNULL = YES;
				CLANG_ANALYZER_NUMBER_OBJECT_CONVERSION = YES_AGGRESSIVE;
				CLANG_CXX_LANGUAGE_STANDARD = "gnu++14";
				CLANG_CXX_LIBRARY = "libc++";
				CLANG_ENABLE_MODULES = YES;
				CLANG_ENABLE_OBJC_ARC = YES;
				CLANG_ENABLE_OBJC_WEAK = YES;
				CLANG_WARN_BLOCK_CAPTURE_AUTORELEASING = YES;
				CLANG_WARN_BOOL_CONVERSION = YES;
				CLANG_WARN_COMMA = YES;
				CLANG_WARN_CONSTANT_CONVERSION = YES;
				CLANG_WARN_DEPRECATED_OBJC_IMPLEMENTATIONS = YES;
				CLANG_WARN_DIRECT_OBJC_ISA_USAGE = YES_ERROR;
				CLANG_WARN_DOCUMENTATION_COMMENTS = YES;
				CLANG_WARN_EMPTY_BODY = YES;
				CLANG_WARN_ENUM_CONVERSION = YES;
				CLANG_WARN_INFINITE_RECURSION = YES;
				CLANG_WARN_INT_CONVERSION = YES;
				CLANG_WARN_NON_LITERAL_NULL_CONVERSION = YES;
				CLANG_WARN_OBJC_IMPLICIT_RETAIN_SELF = YES;
				CLANG_WARN_OBJC_LITERAL_CONVERSION = YES;
				CLANG_WARN_OBJC_ROOT_CLASS = YES_ERROR;
				CLANG_WARN_RANGE_LOOP_ANALYSIS = YES;
				CLANG_WARN_STRICT_PROTOTYPES = YES;
				CLANG_WARN_SUSPICIOUS_MOVE = YES;
				CLANG_WARN_UNGUARDED_AVAILABILITY = YES_AGGRESSIVE;
				CLANG_WARN_UNREACHABLE_CODE = YES;
				CLANG_WARN__DUPLICATE_METHOD_MATCH = YES;
				CODE_SIGN_IDENTITY = "iPhone Developer";
				COPY_PHASE_STRIP = NO;
				DEBUG_INFORMATION_FORMAT = dwarf;
				ENABLE_STRICT_OBJC_MSGSEND = YES;
				ENABLE_TESTABILITY = YES;
				GCC_C_LANGUAGE_STANDARD = gnu11;
				GCC_DYNAMIC_NO_PIC = NO;
				GCC_NO_COMMON_BLOCKS = YES;
				GCC_OPTIMIZATION_LEVEL = 0;
				GCC_PREPROCESSOR_DEFINITIONS = (
					"DEBUG=1",
					"$(inherited)",
				);
				GCC_WARN_64_TO_32_BIT_CONVERSION = YES;
				GCC_WARN_ABOUT_RETURN_TYPE = YES_ERROR;
				GCC_WARN_UNDECLARED_SELECTOR = YES;
				GCC_WARN_UNINITIALIZED_AUTOS = YES_AGGRESSIVE;
				GCC_WARN_UNUSED_FUNCTION = YES;
				GCC_WARN_UNUSED_VARIABLE = YES;
				IPHONEOS_DEPLOYMENT_TARGET = 12.0;
				MTL_ENABLE_DEBUG_INFO = INCLUDE_SOURCE;
				MTL_FAST_MATH = YES;
				ONLY_ACTIVE_ARCH = YES;
				SDKROOT = iphoneos;
				SWIFT_ACTIVE_COMPILATION_CONDITIONS = DEBUG;
				SWIFT_OPTIMIZATION_LEVEL = "-Onone";
			};
			name = Debug;
		};
		239C785521AFB4A40033A51B /* Release */ = {
			isa = XCBuildConfiguration;
			buildSettings = {
				ALWAYS_SEARCH_USER_PATHS = NO;
				CLANG_ANALYZER_NONNULL = YES;
				CLANG_ANALYZER_NUMBER_OBJECT_CONVERSION = YES_AGGRESSIVE;
				CLANG_CXX_LANGUAGE_STANDARD = "gnu++14";
				CLANG_CXX_LIBRARY = "libc++";
				CLANG_ENABLE_MODULES = YES;
				CLANG_ENABLE_OBJC_ARC = YES;
				CLANG_ENABLE_OBJC_WEAK = YES;
				CLANG_WARN_BLOCK_CAPTURE_AUTORELEASING = YES;
				CLANG_WARN_BOOL_CONVERSION = YES;
				CLANG_WARN_COMMA = YES;
				CLANG_WARN_CONSTANT_CONVERSION = YES;
				CLANG_WARN_DEPRECATED_OBJC_IMPLEMENTATIONS = YES;
				CLANG_WARN_DIRECT_OBJC_ISA_USAGE = YES_ERROR;
				CLANG_WARN_DOCUMENTATION_COMMENTS = YES;
				CLANG_WARN_EMPTY_BODY = YES;
				CLANG_WARN_ENUM_CONVERSION = YES;
				CLANG_WARN_INFINITE_RECURSION = YES;
				CLANG_WARN_INT_CONVERSION = YES;
				CLANG_WARN_NON_LITERAL_NULL_CONVERSION = YES;
				CLANG_WARN_OBJC_IMPLICIT_RETAIN_SELF = YES;
				CLANG_WARN_OBJC_LITERAL_CONVERSION = YES;
				CLANG_WARN_OBJC_ROOT_CLASS = YES_ERROR;
				CLANG_WARN_RANGE_LOOP_ANALYSIS = YES;
				CLANG_WARN_STRICT_PROTOTYPES = YES;
				CLANG_WARN_SUSPICIOUS_MOVE = YES;
				CLANG_WARN_UNGUARDED_AVAILABILITY = YES_AGGRESSIVE;
				CLANG_WARN_UNREACHABLE_CODE = YES;
				CLANG_WARN__DUPLICATE_METHOD_MATCH = YES;
				CODE_SIGN_IDENTITY = "iPhone Developer";
				COPY_PHASE_STRIP = NO;
				DEBUG_INFORMATION_FORMAT = "dwarf-with-dsym";
				ENABLE_NS_ASSERTIONS = NO;
				ENABLE_STRICT_OBJC_MSGSEND = YES;
				GCC_C_LANGUAGE_STANDARD = gnu11;
				GCC_NO_COMMON_BLOCKS = YES;
				GCC_WARN_64_TO_32_BIT_CONVERSION = YES;
				GCC_WARN_ABOUT_RETURN_TYPE = YES_ERROR;
				GCC_WARN_UNDECLARED_SELECTOR = YES;
				GCC_WARN_UNINITIALIZED_AUTOS = YES_AGGRESSIVE;
				GCC_WARN_UNUSED_FUNCTION = YES;
				GCC_WARN_UNUSED_VARIABLE = YES;
				IPHONEOS_DEPLOYMENT_TARGET = 12.0;
				MTL_ENABLE_DEBUG_INFO = NO;
				MTL_FAST_MATH = YES;
				SDKROOT = iphoneos;
				SWIFT_COMPILATION_MODE = wholemodule;
				SWIFT_OPTIMIZATION_LEVEL = "-O";
				VALIDATE_PRODUCT = YES;
			};
			name = Release;
		};
		239C785721AFB4A40033A51B /* Debug */ = {
			isa = XCBuildConfiguration;
			baseConfigurationReference = 19D19233EFD2AAD31D463576 /* Pods-cup_of_tea.debug.xcconfig */;
			buildSettings = {
				ASSETCATALOG_COMPILER_APPICON_NAME = AppIcon;
				CODE_SIGN_IDENTITY = "iPhone Developer";
				CODE_SIGN_STYLE = Automatic;
				DEVELOPMENT_TEAM = DDMJCCSGM5;
				INFOPLIST_FILE = cup_of_tea/Info.plist;
				IPHONEOS_DEPLOYMENT_TARGET = 10.3;
				LD_RUNPATH_SEARCH_PATHS = (
					"$(inherited)",
					"@executable_path/Frameworks",
				);
				PRODUCT_BUNDLE_IDENTIFIER = "uwgin.uw.edu.cup-of-tea";
				PRODUCT_NAME = "$(TARGET_NAME)";
				PROVISIONING_PROFILE_SPECIFIER = "";
				SWIFT_VERSION = 4.2;
				TARGETED_DEVICE_FAMILY = "1,2";
			};
			name = Debug;
		};
		239C785821AFB4A40033A51B /* Release */ = {
			isa = XCBuildConfiguration;
			baseConfigurationReference = 9E37302B6C0DECF53EF07270 /* Pods-cup_of_tea.release.xcconfig */;
			buildSettings = {
				ASSETCATALOG_COMPILER_APPICON_NAME = AppIcon;
				CODE_SIGN_IDENTITY = "iPhone Developer";
				CODE_SIGN_STYLE = Automatic;
				DEVELOPMENT_TEAM = DDMJCCSGM5;
				INFOPLIST_FILE = cup_of_tea/Info.plist;
				IPHONEOS_DEPLOYMENT_TARGET = 10.3;
				LD_RUNPATH_SEARCH_PATHS = (
					"$(inherited)",
					"@executable_path/Frameworks",
				);
				PRODUCT_BUNDLE_IDENTIFIER = "uwgin.uw.edu.cup-of-tea";
				PRODUCT_NAME = "$(TARGET_NAME)";
				PROVISIONING_PROFILE_SPECIFIER = "";
				SWIFT_VERSION = 4.2;
				TARGETED_DEVICE_FAMILY = "1,2";
			};
			name = Release;
		};
		239C785A21AFB4A40033A51B /* Debug */ = {
			isa = XCBuildConfiguration;
			baseConfigurationReference = B4777A36C35B82F981B17F3D /* Pods-cup_of_teaTests.debug.xcconfig */;
			buildSettings = {
				ALWAYS_EMBED_SWIFT_STANDARD_LIBRARIES = YES;
				BUNDLE_LOADER = "$(TEST_HOST)";
				CODE_SIGN_STYLE = Automatic;
				DEVELOPMENT_TEAM = DDMJCCSGM5;
				INFOPLIST_FILE = cup_of_teaTests/Info.plist;
				LD_RUNPATH_SEARCH_PATHS = (
					"$(inherited)",
					"@executable_path/Frameworks",
					"@loader_path/Frameworks",
				);
				PRODUCT_BUNDLE_IDENTIFIER = "uwgin.uw.edu.cup-of-teaTests";
				PRODUCT_NAME = "$(TARGET_NAME)";
				SWIFT_VERSION = 4.2;
				TARGETED_DEVICE_FAMILY = "1,2";
				TEST_HOST = "$(BUILT_PRODUCTS_DIR)/cup_of_tea.app/cup_of_tea";
			};
			name = Debug;
		};
		239C785B21AFB4A40033A51B /* Release */ = {
			isa = XCBuildConfiguration;
			baseConfigurationReference = 59425F9C3D52C3609BD16287 /* Pods-cup_of_teaTests.release.xcconfig */;
			buildSettings = {
				ALWAYS_EMBED_SWIFT_STANDARD_LIBRARIES = YES;
				BUNDLE_LOADER = "$(TEST_HOST)";
				CODE_SIGN_STYLE = Automatic;
				DEVELOPMENT_TEAM = DDMJCCSGM5;
				INFOPLIST_FILE = cup_of_teaTests/Info.plist;
				LD_RUNPATH_SEARCH_PATHS = (
					"$(inherited)",
					"@executable_path/Frameworks",
					"@loader_path/Frameworks",
				);
				PRODUCT_BUNDLE_IDENTIFIER = "uwgin.uw.edu.cup-of-teaTests";
				PRODUCT_NAME = "$(TARGET_NAME)";
				SWIFT_VERSION = 4.2;
				TARGETED_DEVICE_FAMILY = "1,2";
				TEST_HOST = "$(BUILT_PRODUCTS_DIR)/cup_of_tea.app/cup_of_tea";
			};
			name = Release;
		};
		239C785D21AFB4A40033A51B /* Debug */ = {
			isa = XCBuildConfiguration;
			baseConfigurationReference = 2DA541B4EDDD90395896C456 /* Pods-cup_of_teaUITests.debug.xcconfig */;
			buildSettings = {
				ALWAYS_EMBED_SWIFT_STANDARD_LIBRARIES = YES;
				CODE_SIGN_STYLE = Automatic;
				DEVELOPMENT_TEAM = DDMJCCSGM5;
				INFOPLIST_FILE = cup_of_teaUITests/Info.plist;
				LD_RUNPATH_SEARCH_PATHS = (
					"$(inherited)",
					"@executable_path/Frameworks",
					"@loader_path/Frameworks",
				);
				PRODUCT_BUNDLE_IDENTIFIER = "uwgin.uw.edu.cup-of-teaUITests";
				PRODUCT_NAME = "$(TARGET_NAME)";
				SWIFT_VERSION = 4.2;
				TARGETED_DEVICE_FAMILY = "1,2";
				TEST_TARGET_NAME = cup_of_tea;
			};
			name = Debug;
		};
		239C785E21AFB4A40033A51B /* Release */ = {
			isa = XCBuildConfiguration;
			baseConfigurationReference = 992A68EB9CE069DC8AEEC573 /* Pods-cup_of_teaUITests.release.xcconfig */;
			buildSettings = {
				ALWAYS_EMBED_SWIFT_STANDARD_LIBRARIES = YES;
				CODE_SIGN_STYLE = Automatic;
				DEVELOPMENT_TEAM = DDMJCCSGM5;
				INFOPLIST_FILE = cup_of_teaUITests/Info.plist;
				LD_RUNPATH_SEARCH_PATHS = (
					"$(inherited)",
					"@executable_path/Frameworks",
					"@loader_path/Frameworks",
				);
				PRODUCT_BUNDLE_IDENTIFIER = "uwgin.uw.edu.cup-of-teaUITests";
				PRODUCT_NAME = "$(TARGET_NAME)";
				SWIFT_VERSION = 4.2;
				TARGETED_DEVICE_FAMILY = "1,2";
				TEST_TARGET_NAME = cup_of_tea;
			};
			name = Release;
		};
/* End XCBuildConfiguration section */

/* Begin XCConfigurationList section */
		239C782721AFB4A30033A51B /* Build configuration list for PBXProject "cup_of_tea" */ = {
			isa = XCConfigurationList;
			buildConfigurations = (
				239C785421AFB4A40033A51B /* Debug */,
				239C785521AFB4A40033A51B /* Release */,
			);
			defaultConfigurationIsVisible = 0;
			defaultConfigurationName = Release;
		};
		239C785621AFB4A40033A51B /* Build configuration list for PBXNativeTarget "cup_of_tea" */ = {
			isa = XCConfigurationList;
			buildConfigurations = (
				239C785721AFB4A40033A51B /* Debug */,
				239C785821AFB4A40033A51B /* Release */,
			);
			defaultConfigurationIsVisible = 0;
			defaultConfigurationName = Release;
		};
		239C785921AFB4A40033A51B /* Build configuration list for PBXNativeTarget "cup_of_teaTests" */ = {
			isa = XCConfigurationList;
			buildConfigurations = (
				239C785A21AFB4A40033A51B /* Debug */,
				239C785B21AFB4A40033A51B /* Release */,
			);
			defaultConfigurationIsVisible = 0;
			defaultConfigurationName = Release;
		};
		239C785C21AFB4A40033A51B /* Build configuration list for PBXNativeTarget "cup_of_teaUITests" */ = {
			isa = XCConfigurationList;
			buildConfigurations = (
				239C785D21AFB4A40033A51B /* Debug */,
				239C785E21AFB4A40033A51B /* Release */,
			);
			defaultConfigurationIsVisible = 0;
			defaultConfigurationName = Release;
		};
/* End XCConfigurationList section */
	};
	rootObject = 239C782421AFB4A30033A51B /* Project object */;
}
